
Microsoft Visual Studio Solution File, Format Version 12.00
# Visual Studio 15
VisualStudioVersion = 15.0.27130.2010
MinimumVisualStudioVersion = 10.0.40219.1
Project("{FAE04EC0-301F-11D3-BF4B-00C04F79EFBC}") = "Lab1Classes", "Lab1Classes\Lab1Classes.csproj", "{B709298D-407D-46CF-A1EC-E940B58F130F}"
EndProject
Global
	GlobalSection(SolutionConfigurationPlatforms) = preSolution
		Debug|Any CPU = Debug|Any CPU
		Release|Any CPU = Release|Any CPU
	EndGlobalSection
	GlobalSection(ProjectConfigurationPlatforms) = postSolution
		{B709298D-407D-46CF-A1EC-E940B58F130F}.Debug|Any CPU.ActiveCfg = Debug|Any CPU
		{B709298D-407D-46CF-A1EC-E940B58F130F}.Debug|Any CPU.Build.0 = Debug|Any CPU
		{B709298D-407D-46CF-A1EC-E940B58F130F}.Release|Any CPU.ActiveCfg = Release|Any CPU
		{B709298D-407D-46CF-A1EC-E940B58F130F}.Release|Any CPU.Build.0 = Release|Any CPU
	EndGlobalSection
	GlobalSection(SolutionProperties) = preSolution
		HideSolutionNode = FALSE
	EndGlobalSection
	GlobalSection(ExtensibilityGlobals) = postSolution
		SolutionGuid = {320FBDAF-2379-466A-A917-7503D539F107}
	EndGlobalSection
EndGlobal
